
Microsoft Visual Studio Solution File, Format Version 12.00
# Visual Studio Version 17
VisualStudioVersion = 17.5.002.0
MinimumVisualStudioVersion = 10.0.40219.1
Project("{9A19103F-16F7-4668-BE54-9A1E7A4F7556}") = "mapperly", "mapperly.csproj", "{9525481F-9F5D-4F69-AEDB-EB9C23E2FB22}"
EndProject
Global
	GlobalSection(SolutionConfigurationPlatforms) = preSolution
		Debug|Any CPU = Debug|Any CPU
		Release|Any CPU = Release|Any CPU
	EndGlobalSection
	GlobalSection(ProjectConfigurationPlatforms) = postSolution
		{9525481F-9F5D-4F69-AEDB-EB9C23E2FB22}.Debug|Any CPU.ActiveCfg = Debug|Any CPU
		{9525481F-9F5D-4F69-AEDB-EB9C23E2FB22}.Debug|Any CPU.Build.0 = Debug|Any CPU
		{9525481F-9F5D-4F69-AEDB-EB9C23E2FB22}.Release|Any CPU.ActiveCfg = Release|Any CPU
		{9525481F-9F5D-4F69-AEDB-EB9C23E2FB22}.Release|Any CPU.Build.0 = Release|Any CPU
	EndGlobalSection
	GlobalSection(SolutionProperties) = preSolution
		HideSolutionNode = FALSE
	EndGlobalSection
	GlobalSection(ExtensibilityGlobals) = postSolution
		SolutionGuid = {C7C6A2ED-E024-4F82-A22C-695BA60E2D8C}
	EndGlobalSection
EndGlobal
